{
  "name": "ancient-egypt-and-the-bible",
  "lockfileVersion": 3,
  "requires": true,
  "packages": {
    "": {
      "devDependencies": {
        "minisearch": "^7.1.2"
      }
    },
    "node_modules/minisearch": {
      "version": "7.1.2",
      "resolved": "https://registry.npmjs.org/minisearch/-/minisearch-7.1.2.tgz",
      "integrity": "sha512-R1Pd9eF+MD5JYDDSPAp/q1ougKglm14uEkPMvQ/05RGmx6G9wvmLTrTI/Q5iPNJLYqNdsDQ7qTGIcNWR+FrHmA==",
      "dev": true,
      "license": "MIT"
    }
  }
}
